
Microsoft Visual Studio Solution File, Format Version 12.00
# Visual Studio Version 17
VisualStudioVersion = 17.14.36202.13 d17.14
MinimumVisualStudioVersion = 10.0.40219.1
Project("{FAE04EC0-301F-11D3-BF4B-00C04F79EFBC}") = "GoKeep-june", "GoKeep-june\GoKeep-june.csproj", "{040F4DFE-E823-483E-AF34-5917E122FE9E}"
EndProject
Project("{FAE04EC0-301F-11D3-BF4B-00C04F79EFBC}") = "GoKeep.Business", "GoKeep.Business\GoKeep.Business.csproj", "{2B1382EE-E3FB-4090-96F0-291F34AA1632}"
EndProject
Project("{FAE04EC0-301F-11D3-BF4B-00C04F79EFBC}") = "GoKeep.Repository", "GoKeep.Repository\GoKeep.Repository.csproj", "{34DCBC5B-D508-415B-8BD7-392A2F882864}"
EndProject
Project("{FAE04EC0-301F-11D3-BF4B-00C04F79EFBC}") = "GoKeep.Model", "GoKeep.Model\GoKeep.Model.csproj", "{CED12690-DB26-412A-8E61-E715A5AD42D8}"
EndProject
Global
	GlobalSection(SolutionConfigurationPlatforms) = preSolution
		Debug|Any CPU = Debug|Any CPU
		Release|Any CPU = Release|Any CPU
	EndGlobalSection
	GlobalSection(ProjectConfigurationPlatforms) = postSolution
		{040F4DFE-E823-483E-AF34-5917E122FE9E}.Debug|Any CPU.ActiveCfg = Debug|Any CPU
		{040F4DFE-E823-483E-AF34-5917E122FE9E}.Debug|Any CPU.Build.0 = Debug|Any CPU
		{040F4DFE-E823-483E-AF34-5917E122FE9E}.Release|Any CPU.ActiveCfg = Release|Any CPU
		{040F4DFE-E823-483E-AF34-5917E122FE9E}.Release|Any CPU.Build.0 = Release|Any CPU
		{2B1382EE-E3FB-4090-96F0-291F34AA1632}.Debug|Any CPU.ActiveCfg = Debug|Any CPU
		{2B1382EE-E3FB-4090-96F0-291F34AA1632}.Debug|Any CPU.Build.0 = Debug|Any CPU
		{2B1382EE-E3FB-4090-96F0-291F34AA1632}.Release|Any CPU.ActiveCfg = Release|Any CPU
		{2B1382EE-E3FB-4090-96F0-291F34AA1632}.Release|Any CPU.Build.0 = Release|Any CPU
		{34DCBC5B-D508-415B-8BD7-392A2F882864}.Debug|Any CPU.ActiveCfg = Debug|Any CPU
		{34DCBC5B-D508-415B-8BD7-392A2F882864}.Debug|Any CPU.Build.0 = Debug|Any CPU
		{34DCBC5B-D508-415B-8BD7-392A2F882864}.Release|Any CPU.ActiveCfg = Release|Any CPU
		{34DCBC5B-D508-415B-8BD7-392A2F882864}.Release|Any CPU.Build.0 = Release|Any CPU
		{CED12690-DB26-412A-8E61-E715A5AD42D8}.Debug|Any CPU.ActiveCfg = Debug|Any CPU
		{CED12690-DB26-412A-8E61-E715A5AD42D8}.Debug|Any CPU.Build.0 = Debug|Any CPU
		{CED12690-DB26-412A-8E61-E715A5AD42D8}.Release|Any CPU.ActiveCfg = Release|Any CPU
		{CED12690-DB26-412A-8E61-E715A5AD42D8}.Release|Any CPU.Build.0 = Release|Any CPU
	EndGlobalSection
	GlobalSection(SolutionProperties) = preSolution
		HideSolutionNode = FALSE
	EndGlobalSection
	GlobalSection(ExtensibilityGlobals) = postSolution
		SolutionGuid = {C5DB6397-F5EF-4C55-96BE-6E2D5E88F4D5}
	EndGlobalSection
EndGlobal
